
Microsoft Visual Studio Solution File, Format Version 12.00
# Visual Studio Version 17
VisualStudioVersion = 17.7.34024.191
MinimumVisualStudioVersion = 10.0.40219.1
Project("{FAE04EC0-301F-11D3-BF4B-00C04F79EFBC}") = "PathFinding", "PathFinding\PathFinding.csproj", "{A76671BD-B05E-46B2-95B6-6752C4987613}"
EndProject
Project("{FAE04EC0-301F-11D3-BF4B-00C04F79EFBC}") = "PathFindingTests", "PathFindingTests\PathFindingTests.csproj", "{397DF898-C168-425C-B6DB-565F79B81FFD}"
EndProject
Global
	GlobalSection(SolutionConfigurationPlatforms) = preSolution
		Debug|Any CPU = Debug|Any CPU
		Release|Any CPU = Release|Any CPU
	EndGlobalSection
	GlobalSection(ProjectConfigurationPlatforms) = postSolution
		{A76671BD-B05E-46B2-95B6-6752C4987613}.Debug|Any CPU.ActiveCfg = Debug|Any CPU
		{A76671BD-B05E-46B2-95B6-6752C4987613}.Debug|Any CPU.Build.0 = Debug|Any CPU
		{A76671BD-B05E-46B2-95B6-6752C4987613}.Release|Any CPU.ActiveCfg = Release|Any CPU
		{A76671BD-B05E-46B2-95B6-6752C4987613}.Release|Any CPU.Build.0 = Release|Any CPU
		{397DF898-C168-425C-B6DB-565F79B81FFD}.Debug|Any CPU.ActiveCfg = Debug|Any CPU
		{397DF898-C168-425C-B6DB-565F79B81FFD}.Debug|Any CPU.Build.0 = Debug|Any CPU
		{397DF898-C168-425C-B6DB-565F79B81FFD}.Release|Any CPU.ActiveCfg = Release|Any CPU
		{397DF898-C168-425C-B6DB-565F79B81FFD}.Release|Any CPU.Build.0 = Release|Any CPU
	EndGlobalSection
	GlobalSection(SolutionProperties) = preSolution
		HideSolutionNode = FALSE
	EndGlobalSection
	GlobalSection(ExtensibilityGlobals) = postSolution
		SolutionGuid = {1AD388FE-A48B-4DA9-B1F0-2EAACD59878C}
	EndGlobalSection
EndGlobal
